
Microsoft Visual Studio Solution File, Format Version 12.00
# Visual Studio Version 17
VisualStudioVersion = 17.3.32929.385
MinimumVisualStudioVersion = 10.0.40219.1
Project("{2150E333-8FDC-42A3-9474-1A3956D46DE8}") = "Applications", "Applications", "{00065612-3D56-4AEB-821B-5383101533E3}"
EndProject
Project("{2150E333-8FDC-42A3-9474-1A3956D46DE8}") = "Tests", "Tests", "{8E24F0FC-B3AF-49DB-BFF8-5ACD8EE26EAA}"
EndProject
Project("{2150E333-8FDC-42A3-9474-1A3956D46DE8}") = "Libraries", "Libraries", "{1A85CFE7-806A-4E2C-AB13-D5D214BCF741}"
EndProject
Project("{FAE04EC0-301F-11D3-BF4B-00C04F79EFBC}") = "OSL-B2.Inventory.Web", "Applications\OSL-B2.Inventory.Web\OSL-B2.Inventory.Web.csproj", "{F18A4446-2CA9-4286-89BE-1748F48520D0}"
EndProject
Project("{FAE04EC0-301F-11D3-BF4B-00C04F79EFBC}") = "OSL-B2.Inventory.Service", "Libraries\OSL-B2.Inventory.Service\OSL-B2.Inventory.Service.csproj", "{CC1F9611-7EC6-43C3-987D-37B47D2C1D7B}"
EndProject
Project("{FAE04EC0-301F-11D3-BF4B-00C04F79EFBC}") = "OSL-B2.Inventory.Repositories", "Libraries\OSL-B2.Inventory.Repository\OSL-B2.Inventory.Repositories.csproj", "{6BFFC19C-F18D-499E-9C82-B9F5E4024AFA}"
EndProject
Project("{9A19103F-16F7-4668-BE54-9A1E7A4F7556}") = "OSL-B2.Inventory.Entities", "Libraries\OSL-B2.Inventory.Entities\OSL-B2.Inventory.Entities.csproj", "{35260F4B-AACE-483D-B4AB-0AAF5E14FA96}"
EndProject
Project("{FAE04EC0-301F-11D3-BF4B-00C04F79EFBC}") = "OSL-B2.Inventory.Membership", "Libraries\OSL-B2.Inventory.Membership\OSL-B2.Inventory.Membership.csproj", "{65D100A2-0ECC-4978-B9F1-AB834C3E6712}"
EndProject
Global
	GlobalSection(SolutionConfigurationPlatforms) = preSolution
		Debug|Any CPU = Debug|Any CPU
		Release|Any CPU = Release|Any CPU
	EndGlobalSection
	GlobalSection(ProjectConfigurationPlatforms) = postSolution
		{F18A4446-2CA9-4286-89BE-1748F48520D0}.Debug|Any CPU.ActiveCfg = Debug|Any CPU
		{F18A4446-2CA9-4286-89BE-1748F48520D0}.Debug|Any CPU.Build.0 = Debug|Any CPU
		{F18A4446-2CA9-4286-89BE-1748F48520D0}.Release|Any CPU.ActiveCfg = Release|Any CPU
		{F18A4446-2CA9-4286-89BE-1748F48520D0}.Release|Any CPU.Build.0 = Release|Any CPU
		{CC1F9611-7EC6-43C3-987D-37B47D2C1D7B}.Debug|Any CPU.ActiveCfg = Debug|Any CPU
		{CC1F9611-7EC6-43C3-987D-37B47D2C1D7B}.Debug|Any CPU.Build.0 = Debug|Any CPU
		{CC1F9611-7EC6-43C3-987D-37B47D2C1D7B}.Release|Any CPU.ActiveCfg = Release|Any CPU
		{CC1F9611-7EC6-43C3-987D-37B47D2C1D7B}.Release|Any CPU.Build.0 = Release|Any CPU
		{6BFFC19C-F18D-499E-9C82-B9F5E4024AFA}.Debug|Any CPU.ActiveCfg = Debug|Any CPU
		{6BFFC19C-F18D-499E-9C82-B9F5E4024AFA}.Debug|Any CPU.Build.0 = Debug|Any CPU
		{6BFFC19C-F18D-499E-9C82-B9F5E4024AFA}.Release|Any CPU.ActiveCfg = Release|Any CPU
		{6BFFC19C-F18D-499E-9C82-B9F5E4024AFA}.Release|Any CPU.Build.0 = Release|Any CPU
		{35260F4B-AACE-483D-B4AB-0AAF5E14FA96}.Debug|Any CPU.ActiveCfg = Debug|Any CPU
		{35260F4B-AACE-483D-B4AB-0AAF5E14FA96}.Debug|Any CPU.Build.0 = Debug|Any CPU
		{35260F4B-AACE-483D-B4AB-0AAF5E14FA96}.Release|Any CPU.ActiveCfg = Release|Any CPU
		{35260F4B-AACE-483D-B4AB-0AAF5E14FA96}.Release|Any CPU.Build.0 = Release|Any CPU
		{65D100A2-0ECC-4978-B9F1-AB834C3E6712}.Debug|Any CPU.ActiveCfg = Debug|Any CPU
		{65D100A2-0ECC-4978-B9F1-AB834C3E6712}.Debug|Any CPU.Build.0 = Debug|Any CPU
		{65D100A2-0ECC-4978-B9F1-AB834C3E6712}.Release|Any CPU.ActiveCfg = Release|Any CPU
		{65D100A2-0ECC-4978-B9F1-AB834C3E6712}.Release|Any CPU.Build.0 = Release|Any CPU
	EndGlobalSection
	GlobalSection(SolutionProperties) = preSolution
		HideSolutionNode = FALSE
	EndGlobalSection
	GlobalSection(NestedProjects) = preSolution
		{F18A4446-2CA9-4286-89BE-1748F48520D0} = {00065612-3D56-4AEB-821B-5383101533E3}
		{CC1F9611-7EC6-43C3-987D-37B47D2C1D7B} = {1A85CFE7-806A-4E2C-AB13-D5D214BCF741}
		{6BFFC19C-F18D-499E-9C82-B9F5E4024AFA} = {1A85CFE7-806A-4E2C-AB13-D5D214BCF741}
		{35260F4B-AACE-483D-B4AB-0AAF5E14FA96} = {1A85CFE7-806A-4E2C-AB13-D5D214BCF741}
		{65D100A2-0ECC-4978-B9F1-AB834C3E6712} = {1A85CFE7-806A-4E2C-AB13-D5D214BCF741}
	EndGlobalSection
	GlobalSection(ExtensibilityGlobals) = postSolution
		SolutionGuid = {684B5670-0B97-4603-9481-BF5322D116C7}
	EndGlobalSection
EndGlobal
